
Microsoft Visual Studio Solution File, Format Version 12.00
# Visual Studio 15
VisualStudioVersion = 15.0.26730.3
MinimumVisualStudioVersion = 10.0.40219.1
Project("{FAE04EC0-301F-11D3-BF4B-00C04F79EFBC}") = "Exemplo2", "Exemplo2\Exemplo2.csproj", "{4D99473E-1BB1-47F8-A6F6-222AAA42D06D}"
EndProject
Global
	GlobalSection(SolutionConfigurationPlatforms) = preSolution
		Debug|Any CPU = Debug|Any CPU
		Release|Any CPU = Release|Any CPU
	EndGlobalSection
	GlobalSection(ProjectConfigurationPlatforms) = postSolution
		{4D99473E-1BB1-47F8-A6F6-222AAA42D06D}.Debug|Any CPU.ActiveCfg = Debug|Any CPU
		{4D99473E-1BB1-47F8-A6F6-222AAA42D06D}.Debug|Any CPU.Build.0 = Debug|Any CPU
		{4D99473E-1BB1-47F8-A6F6-222AAA42D06D}.Release|Any CPU.ActiveCfg = Release|Any CPU
		{4D99473E-1BB1-47F8-A6F6-222AAA42D06D}.Release|Any CPU.Build.0 = Release|Any CPU
	EndGlobalSection
	GlobalSection(SolutionProperties) = preSolution
		HideSolutionNode = FALSE
	EndGlobalSection
	GlobalSection(ExtensibilityGlobals) = postSolution
		SolutionGuid = {D8540362-B5F7-443E-B816-300A3C1E57C8}
	EndGlobalSection
EndGlobal
