
Microsoft Visual Studio Solution File, Format Version 12.00
# Visual Studio 15
VisualStudioVersion = 15.0.26730.3
MinimumVisualStudioVersion = 10.0.40219.1
Project("{FAE04EC0-301F-11D3-BF4B-00C04F79EFBC}") = "AprendendoCSS", "AprendendoCSS\AprendendoCSS.csproj", "{90AF6738-A1BA-45B0-A70A-C72E97058968}"
EndProject
Global
	GlobalSection(SolutionConfigurationPlatforms) = preSolution
		Debug|Any CPU = Debug|Any CPU
		Release|Any CPU = Release|Any CPU
	EndGlobalSection
	GlobalSection(ProjectConfigurationPlatforms) = postSolution
		{90AF6738-A1BA-45B0-A70A-C72E97058968}.Debug|Any CPU.ActiveCfg = Debug|Any CPU
		{90AF6738-A1BA-45B0-A70A-C72E97058968}.Debug|Any CPU.Build.0 = Debug|Any CPU
		{90AF6738-A1BA-45B0-A70A-C72E97058968}.Release|Any CPU.ActiveCfg = Release|Any CPU
		{90AF6738-A1BA-45B0-A70A-C72E97058968}.Release|Any CPU.Build.0 = Release|Any CPU
	EndGlobalSection
	GlobalSection(SolutionProperties) = preSolution
		HideSolutionNode = FALSE
	EndGlobalSection
	GlobalSection(ExtensibilityGlobals) = postSolution
		SolutionGuid = {B1796840-FCE8-40DA-9FAA-9CCBDDFE98E6}
	EndGlobalSection
EndGlobal
