
Microsoft Visual Studio Solution File, Format Version 12.00
# Visual Studio 15
VisualStudioVersion = 15.0.26730.12
MinimumVisualStudioVersion = 10.0.40219.1
Project("{FAE04EC0-301F-11D3-BF4B-00C04F79EFBC}") = "WebApplication1", "WebApplication1\WebApplication1.csproj", "{3A514BD4-BCD4-48CE-8B8E-B9F19BC08D60}"
EndProject
Global
	GlobalSection(SolutionConfigurationPlatforms) = preSolution
		Debug|Any CPU = Debug|Any CPU
		Release|Any CPU = Release|Any CPU
	EndGlobalSection
	GlobalSection(ProjectConfigurationPlatforms) = postSolution
		{3A514BD4-BCD4-48CE-8B8E-B9F19BC08D60}.Debug|Any CPU.ActiveCfg = Debug|Any CPU
		{3A514BD4-BCD4-48CE-8B8E-B9F19BC08D60}.Debug|Any CPU.Build.0 = Debug|Any CPU
		{3A514BD4-BCD4-48CE-8B8E-B9F19BC08D60}.Release|Any CPU.ActiveCfg = Release|Any CPU
		{3A514BD4-BCD4-48CE-8B8E-B9F19BC08D60}.Release|Any CPU.Build.0 = Release|Any CPU
	EndGlobalSection
	GlobalSection(SolutionProperties) = preSolution
		HideSolutionNode = FALSE
	EndGlobalSection
	GlobalSection(ExtensibilityGlobals) = postSolution
		SolutionGuid = {2303B18F-4766-4104-8051-CD9216082D5C}
	EndGlobalSection
EndGlobal
