
Microsoft Visual Studio Solution File, Format Version 12.00
# Visual Studio 15
VisualStudioVersion = 15.0.26730.12
MinimumVisualStudioVersion = 10.0.40219.1
Project("{FAE04EC0-301F-11D3-BF4B-00C04F79EFBC}") = "Rebuild3", "Rebuild3\Rebuild3.csproj", "{3CEEBB8E-D7E2-4DEB-ACEC-456B3AF46FBE}"
EndProject
Global
	GlobalSection(SolutionConfigurationPlatforms) = preSolution
		Debug|Any CPU = Debug|Any CPU
		Release|Any CPU = Release|Any CPU
	EndGlobalSection
	GlobalSection(ProjectConfigurationPlatforms) = postSolution
		{3CEEBB8E-D7E2-4DEB-ACEC-456B3AF46FBE}.Debug|Any CPU.ActiveCfg = Debug|Any CPU
		{3CEEBB8E-D7E2-4DEB-ACEC-456B3AF46FBE}.Debug|Any CPU.Build.0 = Debug|Any CPU
		{3CEEBB8E-D7E2-4DEB-ACEC-456B3AF46FBE}.Release|Any CPU.ActiveCfg = Release|Any CPU
		{3CEEBB8E-D7E2-4DEB-ACEC-456B3AF46FBE}.Release|Any CPU.Build.0 = Release|Any CPU
	EndGlobalSection
	GlobalSection(SolutionProperties) = preSolution
		HideSolutionNode = FALSE
	EndGlobalSection
	GlobalSection(ExtensibilityGlobals) = postSolution
		SolutionGuid = {892AB96D-D2D2-4859-BF5B-841485A932DE}
	EndGlobalSection
EndGlobal
